
Microsoft Visual Studio Solution File, Format Version 12.00
# Visual Studio Version 17
VisualStudioVersion = 17.9.34728.123
MinimumVisualStudioVersion = 10.0.40219.1
Project("{FAE04EC0-301F-11D3-BF4B-00C04F79EFBC}") = "BanVeMayBay", "BanVeMayBay\BanVeMayBay.csproj", "{9FCE782A-85B4-40FE-B687-9684C2A48E2E}"
EndProject
Project("{FAE04EC0-301F-11D3-BF4B-00C04F79EFBC}") = "DB", "DB\DB.csproj", "{25DA6A1F-03A7-4BA3-99A9-D1270FBA8939}"
EndProject
Global
	GlobalSection(SolutionConfigurationPlatforms) = preSolution
		Debug|Any CPU = Debug|Any CPU
		Release|Any CPU = Release|Any CPU
	EndGlobalSection
	GlobalSection(ProjectConfigurationPlatforms) = postSolution
		{9FCE782A-85B4-40FE-B687-9684C2A48E2E}.Debug|Any CPU.ActiveCfg = Debug|Any CPU
		{9FCE782A-85B4-40FE-B687-9684C2A48E2E}.Debug|Any CPU.Build.0 = Debug|Any CPU
		{9FCE782A-85B4-40FE-B687-9684C2A48E2E}.Release|Any CPU.ActiveCfg = Release|Any CPU
		{9FCE782A-85B4-40FE-B687-9684C2A48E2E}.Release|Any CPU.Build.0 = Release|Any CPU
		{25DA6A1F-03A7-4BA3-99A9-D1270FBA8939}.Debug|Any CPU.ActiveCfg = Debug|Any CPU
		{25DA6A1F-03A7-4BA3-99A9-D1270FBA8939}.Debug|Any CPU.Build.0 = Debug|Any CPU
		{25DA6A1F-03A7-4BA3-99A9-D1270FBA8939}.Release|Any CPU.ActiveCfg = Release|Any CPU
		{25DA6A1F-03A7-4BA3-99A9-D1270FBA8939}.Release|Any CPU.Build.0 = Release|Any CPU
	EndGlobalSection
	GlobalSection(SolutionProperties) = preSolution
		HideSolutionNode = FALSE
	EndGlobalSection
	GlobalSection(ExtensibilityGlobals) = postSolution
		SolutionGuid = {AFBE6254-0735-449F-A1B9-05B3CD4D373C}
	EndGlobalSection
EndGlobal
